
Microsoft Visual Studio Solution File, Format Version 12.00
# Visual Studio Version 16
VisualStudioVersion = 16.0.29609.76
MinimumVisualStudioVersion = 10.0.40219.1
Project("{FAE04EC0-301F-11D3-BF4B-00C04F79EFBC}") = "StudentExercisesEF", "StudentExercisesEF\StudentExercisesEF.csproj", "{0FDCFA16-F11A-4CA8-BEBD-075CF8849AE3}"
EndProject
Global
	GlobalSection(SolutionConfigurationPlatforms) = preSolution
		Debug|Any CPU = Debug|Any CPU
		Release|Any CPU = Release|Any CPU
	EndGlobalSection
	GlobalSection(ProjectConfigurationPlatforms) = postSolution
		{0FDCFA16-F11A-4CA8-BEBD-075CF8849AE3}.Debug|Any CPU.ActiveCfg = Debug|Any CPU
		{0FDCFA16-F11A-4CA8-BEBD-075CF8849AE3}.Debug|Any CPU.Build.0 = Debug|Any CPU
		{0FDCFA16-F11A-4CA8-BEBD-075CF8849AE3}.Release|Any CPU.ActiveCfg = Release|Any CPU
		{0FDCFA16-F11A-4CA8-BEBD-075CF8849AE3}.Release|Any CPU.Build.0 = Release|Any CPU
	EndGlobalSection
	GlobalSection(SolutionProperties) = preSolution
		HideSolutionNode = FALSE
	EndGlobalSection
	GlobalSection(ExtensibilityGlobals) = postSolution
		SolutionGuid = {117F2E87-2DB9-4538-B09E-A1BBEE35240C}
	EndGlobalSection
EndGlobal
